{
  "name": "houdini",
  "version": "1.0.0",
  "lockfileVersion": 2,
  "requires": true,
  "packages": {
    "": {
      "name": "houdini",
      "version": "1.0.0",
      "license": "ISC",
      "dependencies": {
        "@thi.ng/shader-ast": "^0.12.19",
        "@thi.ng/shader-ast-glsl": "^0.4.19",
        "@thi.ng/webgl": "^6.2.3"
      }
    },
    "node_modules/@thi.ng/adapt-dpi": {
      "version": "2.1.9",
      "resolved": "https://registry.npmjs.org/@thi.ng/adapt-dpi/-/adapt-dpi-2.1.9.tgz",
      "integrity": "sha512-R2jGdJBVNCsXk/Y0VebZjaOdL57NNMxzm6A/taGY7gHfzktpbKMwpwjjWEKkg7OcGwL520iMNfp6u3eWsDMG1Q==",
      "funding": [
        {
          "type": "github",
          "url": "https://github.com/sponsors/postspectacular"
        },
        {
          "type": "patreon",
          "url": "https://patreon.com/thing_umbrella"
        }
      ]
    },
    "node_modules/@thi.ng/api": {
      "version": "8.4.1",
      "resolved": "https://registry.npmjs.org/@thi.ng/api/-/api-8.4.1.tgz",
      "integrity": "sha512-bXrnJ6anzgQMm+SgOy+oDL+SwKEuzkXcI5EUUMiqRcrdqABb0K+sBJvipskEJdewPLpWcoT+7YYMSEimDGIbyQ==",
      "funding": [
        {
          "type": "github",
          "url": "https://github.com/sponsors/postspectacular"
        },
        {
          "type": "patreon",
          "url": "https://patreon.com/thing_umbrella"
        }
      ],
      "engines": {
        "node": ">=12.7"
      }
    },
    "node_modules/@thi.ng/arrays": {
      "version": "2.3.5",
      "resolved": "https://registry.npmjs.org/@thi.ng/arrays/-/arrays-2.3.5.tgz",
      "integrity": "sha512-AVGBGzj1ezUoKxLdnyKK9wGtF6X4KIIYQIlPZfKH4kx87dp+4hDjJO6RsDmrWfE8PQYfD8kwv4CYID3/aFuMxg==",
      "funding": [
        {
          "type": "github",
          "url": "https://github.com/sponsors/postspectacular"
        },
        {
          "type": "patreon",
          "url": "https://patreon.com/thing_umbrella"
        }
      ],
      "dependencies": {
        "@thi.ng/api": "^8.4.1",
        "@thi.ng/checks": "^3.2.4",
        "@thi.ng/compare": "^2.1.11",
        "@thi.ng/equiv": "^2.1.9",
        "@thi.ng/errors": "^2.1.10",
        "@thi.ng/random": "^3.3.7"
      },
      "engines": {
        "node": ">=12.7"
      }
    },
    "node_modules/@thi.ng/associative": {
      "version": "6.2.6",
      "resolved": "https://registry.npmjs.org/@thi.ng/associative/-/associative-6.2.6.tgz",
      "integrity": "sha512-YloUgz3qv6OnyILita5ktQGs/XDS7yy7LOjLiCyZSG0/d/sUd9IHv/iBBEp0/1eQN3iGau5BRiIR2C0Rve52og==",
      "funding": [
        {
          "type": "github",
          "url": "https://github.com/sponsors/postspectacular"
        },
        {
          "type": "patreon",
          "url": "https://patreon.com/thing_umbrella"
        }
      ],
      "dependencies": {
        "@thi.ng/api": "^8.4.1",
        "@thi.ng/arrays": "^2.3.5",
        "@thi.ng/binary": "^3.3.4",
        "@thi.ng/checks": "^3.2.4",
        "@thi.ng/compare": "^2.1.11",
        "@thi.ng/dcons": "^3.2.13",
        "@thi.ng/equiv": "^2.1.9",
        "@thi.ng/errors": "^2.1.10",
        "@thi.ng/transducers": "^8.3.13",
        "tslib": "^2.4.0"
      },
      "engines": {
        "node": ">=12.7"
      }
    },
    "node_modules/@thi.ng/binary": {
      "version": "3.3.4",
      "resolved": "https://registry.npmjs.org/@thi.ng/binary/-/binary-3.3.4.tgz",
      "integrity": "sha512-weUWekTFqhq/8yG0M3I0cn0YaPQY0m+czN9vBfMpksCnnyGJfKuEgRtBFY0HjFZMbpPtVajl+8LntU3MsXC+Dw==",
      "funding": [
        {
          "type": "github",
          "url": "https://github.com/sponsors/postspectacular"
        },
        {
          "type": "patreon",
          "url": "https://patreon.com/thing_umbrella"
        }
      ],
      "dependencies": {
        "@thi.ng/api": "^8.4.1"
      },
      "engines": {
        "node": ">=12.7"
      }
    },
    "node_modules/@thi.ng/checks": {
      "version": "3.2.4",
      "resolved": "https://registry.npmjs.org/@thi.ng/checks/-/checks-3.2.4.tgz",
      "integrity": "sha512-/inEUnM0OSfjgOqei9DkNTCT9G4Gwk0kqb+/uEyYnBHXD+fAEsYLKulHx7XcvVzbpAvMEyfWr4BJgLfXUspDRQ==",
      "funding": [
        {
          "type": "github",
          "url": "https://github.com/sponsors/postspectacular"
        },
        {
          "type": "patreon",
          "url": "https://patreon.com/thing_umbrella"
        }
      ],
      "dependencies": {
        "tslib": "^2.4.0"
      },
      "engines": {
        "node": ">=12.7"
      }
    },
    "node_modules/@thi.ng/compare": {
      "version": "2.1.11",
      "resolved": "https://registry.npmjs.org/@thi.ng/compare/-/compare-2.1.11.tgz",
      "integrity": "sha512-/gXW9+FR0nsVTlrMJwowS7ilq1Y5BUhh0bL2ZYCcKhYH/e37FB2uJShPkuyUWTooH3Eux4kZlUxHzZ/M1aKAnw==",
      "funding": [
        {
          "type": "github",
          "url": "https://github.com/sponsors/postspectacular"
        },
        {
          "type": "patreon",
          "url": "https://patreon.com/thing_umbrella"
        }
      ],
      "dependencies": {
        "@thi.ng/api": "^8.4.1"
      },
      "engines": {
        "node": ">=12.7"
      }
    },
    "node_modules/@thi.ng/compose": {
      "version": "2.1.12",
      "resolved": "https://registry.npmjs.org/@thi.ng/compose/-/compose-2.1.12.tgz",
      "integrity": "sha512-sxgELGQ8ZSr2fxE8zDNs0Aw9//eN5TteM0QJIzyqjc4rWsEXzQ3PGOaOLw5C9vweWvSDmQeEQFwvWjHdCzamKg==",
      "funding": [
        {
          "type": "github",
          "url": "https://github.com/sponsors/postspectacular"
        },
        {
          "type": "patreon",
          "url": "https://patreon.com/thing_umbrella"
        }
      ],
      "dependencies": {
        "@thi.ng/api": "^8.4.1",
        "@thi.ng/errors": "^2.1.10"
      },
      "engines": {
        "node": ">=12.7"
      }
    },
    "node_modules/@thi.ng/dcons": {
      "version": "3.2.13",
      "resolved": "https://registry.npmjs.org/@thi.ng/dcons/-/dcons-3.2.13.tgz",
      "integrity": "sha512-As2JEH7xRR7+B2DXDOi/1HU33vhCXBojTE1/Vd8YYqoKiNq9PxD5+ocTaXF8vM8KK40mZ+JTtv+xCSCwdHeBKg==",
      "funding": [
        {
          "type": "github",
          "url": "https://github.com/sponsors/postspectacular"
        },
        {
          "type": "patreon",
          "url": "https://patreon.com/thing_umbrella"
        }
      ],
      "dependencies": {
        "@thi.ng/api": "^8.4.1",
        "@thi.ng/checks": "^3.2.4",
        "@thi.ng/compare": "^2.1.11",
        "@thi.ng/equiv": "^2.1.9",
        "@thi.ng/errors": "^2.1.10",
        "@thi.ng/random": "^3.3.7",
        "@thi.ng/transducers": "^8.3.13"
      },
      "engines": {
        "node": ">=12.7"
      }
    },
    "node_modules/@thi.ng/defmulti": {
      "version": "2.1.13",
      "resolved": "https://registry.npmjs.org/@thi.ng/defmulti/-/defmulti-2.1.13.tgz",
      "integrity": "sha512-lKzdSwXTU3vHRI5wQLfLa2/LFtCQEJTyyqdiFShBHwX15AfGSv0FWMelR4KzEpNPkV6EeQNYUXS28pf/BXAPkA==",
      "funding": [
        {
          "type": "github",
          "url": "https://github.com/sponsors/postspectacular"
        },
        {
          "type": "patreon",
          "url": "https://patreon.com/thing_umbrella"
        }
      ],
      "dependencies": {
        "@thi.ng/api": "^8.4.1",
        "@thi.ng/errors": "^2.1.10",
        "@thi.ng/logger": "^1.2.1"
      },
      "engines": {
        "node": ">=12.7"
      }
    },
    "node_modules/@thi.ng/dgraph": {
      "version": "2.1.18",
      "resolved": "https://registry.npmjs.org/@thi.ng/dgraph/-/dgraph-2.1.18.tgz",
      "integrity": "sha512-DFVJ71Vbnbr5e7+DZbvxroeEnlDPJSbPTznZRJA3JwM1GkEuDHK7MJci0JrEAiBz4U+1xCAVvuOmi3QfeLwtqw==",
      "funding": [
        {
          "type": "github",
          "url": "https://github.com/sponsors/postspectacular"
        },
        {
          "type": "patreon",
          "url": "https://patreon.com/thing_umbrella"
        }
      ],
      "dependencies": {
        "@thi.ng/api": "^8.4.1",
        "@thi.ng/associative": "^6.2.6",
        "@thi.ng/equiv": "^2.1.9",
        "@thi.ng/errors": "^2.1.10",
        "@thi.ng/transducers": "^8.3.13"
      },
      "engines": {
        "node": ">=12.7"
      }
    },
    "node_modules/@thi.ng/distance": {
      "version": "2.1.22",
      "resolved": "https://registry.npmjs.org/@thi.ng/distance/-/distance-2.1.22.tgz",
      "integrity": "sha512-63cXaCsEzfZUdby0ydTwsYgHo5clXV6S5/PT1N9BctZ342tOSzMtCb8sIAgSlTU+m4bRbcpDc0hysFRGwk0FEg==",
      "funding": [
        {
          "type": "github",
          "url": "https://github.com/sponsors/postspectacular"
        },
        {
          "type": "patreon",
          "url": "https://patreon.com/thing_umbrella"
        }
      ],
      "dependencies": {
        "@thi.ng/api": "^8.4.1",
        "@thi.ng/checks": "^3.2.4",
        "@thi.ng/errors": "^2.1.10",
        "@thi.ng/heaps": "^2.1.11",
        "@thi.ng/math": "^5.3.7",
        "@thi.ng/vectors": "^7.5.14"
      },
      "engines": {
        "node": ">=12.7"
      }
    },
    "node_modules/@thi.ng/equiv": {
      "version": "2.1.9",
      "resolved": "https://registry.npmjs.org/@thi.ng/equiv/-/equiv-2.1.9.tgz",
      "integrity": "sha512-8bVtrSWFGIt5tDKmnjF+oYr0744ahB3XqgBEZhStb7/XrWpMFtb52cx2r+aiOGcDf6YKGOh+6BlxrjWi7VTdCw==",
      "funding": [
        {
          "type": "github",
          "url": "https://github.com/sponsors/postspectacular"
        },
        {
          "type": "patreon",
          "url": "https://patreon.com/thing_umbrella"
        }
      ],
      "engines": {
        "node": ">=12.7"
      }
    },
    "node_modules/@thi.ng/errors": {
      "version": "2.1.10",
      "resolved": "https://registry.npmjs.org/@thi.ng/errors/-/errors-2.1.10.tgz",
      "integrity": "sha512-QxostqMnJi+G/FyPCknBMsCCZQc3Pogy9ZLI4dguxeEYfxB/3KBXoDAccXmQC+Z4rYREdP1XMfAK8CLYGSlhlw==",
      "funding": [
        {
          "type": "github",
          "url": "https://github.com/sponsors/postspectacular"
        },
        {
          "type": "patreon",
          "url": "https://patreon.com/thing_umbrella"
        }
      ],
      "engines": {
        "node": ">=12.7"
      }
    },
    "node_modules/@thi.ng/heaps": {
      "version": "2.1.11",
      "resolved": "https://registry.npmjs.org/@thi.ng/heaps/-/heaps-2.1.11.tgz",
      "integrity": "sha512-zYVdHERVSlcj2VfJAQBkqTfVb8dIjXfUsv3WKkaRE8rj6iOEilKGLOdhUgQEIaA3lzsXJNkDRMaruwLB9k+rCA==",
      "funding": [
        {
          "type": "github",
          "url": "https://github.com/sponsors/postspectacular"
        },
        {
          "type": "patreon",
          "url": "https://patreon.com/thing_umbrella"
        }
      ],
      "dependencies": {
        "@thi.ng/api": "^8.4.1",
        "@thi.ng/compare": "^2.1.11",
        "@thi.ng/equiv": "^2.1.9"
      },
      "engines": {
        "node": ">=12.7"
      }
    },
    "node_modules/@thi.ng/hex": {
      "version": "2.1.9",
      "resolved": "https://registry.npmjs.org/@thi.ng/hex/-/hex-2.1.9.tgz",
      "integrity": "sha512-PT6T4ffFrMtevwJStdXmejAMlJ3odCkrGUXjUFfN8p8IHBoFQk/OaEqL5r36UxDimt/j4AVjo/loLDI0HX+V7Q==",
      "funding": [
        {
          "type": "github",
          "url": "https://github.com/sponsors/postspectacular"
        },
        {
          "type": "patreon",
          "url": "https://patreon.com/thing_umbrella"
        }
      ],
      "engines": {
        "node": ">=12.7"
      }
    },
    "node_modules/@thi.ng/k-means": {
      "version": "0.5.22",
      "resolved": "https://registry.npmjs.org/@thi.ng/k-means/-/k-means-0.5.22.tgz",
      "integrity": "sha512-UhV9tiqr4uI+PF1Mw8ea/h4QOVgcUfqCByAU5df/gUMfVwjCB3PpDDG7+tDICkHg0aNRl2Upj0fMzKHH1kbRTQ==",
      "funding": [
        {
          "type": "github",
          "url": "https://github.com/sponsors/postspectacular"
        },
        {
          "type": "patreon",
          "url": "https://patreon.com/thing_umbrella"
        }
      ],
      "dependencies": {
        "@thi.ng/api": "^8.4.1",
        "@thi.ng/distance": "^2.1.22",
        "@thi.ng/errors": "^2.1.10",
        "@thi.ng/random": "^3.3.7",
        "@thi.ng/vectors": "^7.5.14"
      },
      "engines": {
        "node": ">=12.7"
      }
    },
    "node_modules/@thi.ng/logger": {
      "version": "1.2.1",
      "resolved": "https://registry.npmjs.org/@thi.ng/logger/-/logger-1.2.1.tgz",
      "integrity": "sha512-BX1BBPx9+qb4lSHsd7MLn9ISS0yvXPIKVFdKRPhw6m82kd5A2Bxr8dy7JFN2gpYGI0sp5ROzi3hb8zFKopTJXA==",
      "funding": [
        {
          "type": "github",
          "url": "https://github.com/sponsors/postspectacular"
        },
        {
          "type": "patreon",
          "url": "https://patreon.com/thing_umbrella"
        }
      ],
      "engines": {
        "node": ">=12.7"
      }
    },
    "node_modules/@thi.ng/malloc": {
      "version": "6.1.14",
      "resolved": "https://registry.npmjs.org/@thi.ng/malloc/-/malloc-6.1.14.tgz",
      "integrity": "sha512-tR1knuj+Xo0+fGczgdkJwexsOyX5u17ik1v+5I9dwaUDl/4NUNl6kg2jq/cWzHu6Dy3R77RYThoIXi1hnSO2rg==",
      "funding": [
        {
          "type": "github",
          "url": "https://github.com/sponsors/postspectacular"
        },
        {
          "type": "patreon",
          "url": "https://patreon.com/thing_umbrella"
        }
      ],
      "dependencies": {
        "@thi.ng/api": "^8.4.1",
        "@thi.ng/binary": "^3.3.4",
        "@thi.ng/checks": "^3.2.4",
        "@thi.ng/errors": "^2.1.10"
      },
      "engines": {
        "node": ">=12.7"
      }
    },
    "node_modules/@thi.ng/math": {
      "version": "5.3.7",
      "resolved": "https://registry.npmjs.org/@thi.ng/math/-/math-5.3.7.tgz",
      "integrity": "sha512-2r3q8K6J6neK9zvcGMyUAguIZjggBtQdpKolXMIQKdy6kP2E1jXAwrS51EtDa18yNVSTep7P7fza+LWErhrbWw==",
      "funding": [
        {
          "type": "github",
          "url": "https://github.com/sponsors/postspectacular"
        },
        {
          "type": "patreon",
          "url": "https://patreon.com/thing_umbrella"
        }
      ],
      "dependencies": {
        "@thi.ng/api": "^8.4.1"
      },
      "engines": {
        "node": ">=12.7"
      }
    },
    "node_modules/@thi.ng/matrices": {
      "version": "2.1.23",
      "resolved": "https://registry.npmjs.org/@thi.ng/matrices/-/matrices-2.1.23.tgz",
      "integrity": "sha512-REjeNAIh3hyAatMtb0I+x9edvhUI8yal7rAo3j9Ktb9JY1PjJIxt5YJIksEfKXzhwjMSs39H90n5at2JhN3btw==",
      "funding": [
        {
          "type": "github",
          "url": "https://github.com/sponsors/postspectacular"
        },
        {
          "type": "patreon",
          "url": "https://patreon.com/thing_umbrella"
        }
      ],
      "dependencies": {
        "@thi.ng/api": "^8.4.1",
        "@thi.ng/checks": "^3.2.4",
        "@thi.ng/math": "^5.3.7",
        "@thi.ng/vectors": "^7.5.14"
      },
      "engines": {
        "node": ">=12.7"
      }
    },
    "node_modules/@thi.ng/memoize": {
      "version": "3.1.11",
      "resolved": "https://registry.npmjs.org/@thi.ng/memoize/-/memoize-3.1.11.tgz",
      "integrity": "sha512-N0/d0BpGKUsRpNi6jEjA2hXxvj/75lyPwhVzTisvIZbC6ol6xS9bZPp1AJBoB/4fjPfvt9vU33Qv8Dliq2SIOg==",
      "funding": [
        {
          "type": "github",
          "url": "https://github.com/sponsors/postspectacular"
        },
        {
          "type": "patreon",
          "url": "https://patreon.com/thing_umbrella"
        }
      ],
      "dependencies": {
        "@thi.ng/api": "^8.4.1"
      },
      "engines": {
        "node": ">=12.7"
      }
    },
    "node_modules/@thi.ng/pixel": {
      "version": "3.4.13",
      "resolved": "https://registry.npmjs.org/@thi.ng/pixel/-/pixel-3.4.13.tgz",
      "integrity": "sha512-I2Lyh6mGkEy5Hwl5/xtocWMCiN0nlUlCSF+hb0X9AHtYDwg9IIo4C1a85hSWsXhd+m9nuCtLJr/wQvJJrupRZA==",
      "funding": [
        {
          "type": "github",
          "url": "https://github.com/sponsors/postspectacular"
        },
        {
          "type": "patreon",
          "url": "https://patreon.com/thing_umbrella"
        }
      ],
      "dependencies": {
        "@thi.ng/api": "^8.4.1",
        "@thi.ng/binary": "^3.3.4",
        "@thi.ng/checks": "^3.2.4",
        "@thi.ng/distance": "^2.1.22",
        "@thi.ng/errors": "^2.1.10",
        "@thi.ng/k-means": "^0.5.22",
        "@thi.ng/math": "^5.3.7",
        "@thi.ng/porter-duff": "^2.1.11"
      },
      "engines": {
        "node": ">=12.7"
      }
    },
    "node_modules/@thi.ng/porter-duff": {
      "version": "2.1.11",
      "resolved": "https://registry.npmjs.org/@thi.ng/porter-duff/-/porter-duff-2.1.11.tgz",
      "integrity": "sha512-ZvNaMya6/u0PGKG54MoH3s9RIzpcZcN3kKmC/pWAv7EAWg0MNiS+OUD8llswQzN9AQyuMZrcA9EA8FG1plaZ1w==",
      "funding": [
        {
          "type": "github",
          "url": "https://github.com/sponsors/postspectacular"
        },
        {
          "type": "patreon",
          "url": "https://patreon.com/thing_umbrella"
        }
      ],
      "dependencies": {
        "@thi.ng/api": "^8.4.1",
        "@thi.ng/math": "^5.3.7"
      },
      "engines": {
        "node": ">=12.7"
      }
    },
    "node_modules/@thi.ng/random": {
      "version": "3.3.7",
      "resolved": "https://registry.npmjs.org/@thi.ng/random/-/random-3.3.7.tgz",
      "integrity": "sha512-gJWb7sYEmMceLuM10WRSWOFsG05FC3Ky2b59Ba57eWumYkmOluFoYfHz5g0SNg3dciEMOEhl5X4686Apk18VIg==",
      "funding": [
        {
          "type": "github",
          "url": "https://github.com/sponsors/postspectacular"
        },
        {
          "type": "patreon",
          "url": "https://patreon.com/thing_umbrella"
        }
      ],
      "dependencies": {
        "@thi.ng/api": "^8.4.1",
        "@thi.ng/checks": "^3.2.4",
        "@thi.ng/errors": "^2.1.10",
        "@thi.ng/hex": "^2.1.9"
      },
      "engines": {
        "node": ">=12.7"
      }
    },
    "node_modules/@thi.ng/shader-ast": {
      "version": "0.12.19",
      "resolved": "https://registry.npmjs.org/@thi.ng/shader-ast/-/shader-ast-0.12.19.tgz",
      "integrity": "sha512-em+lXOooijkpaLdn5AlnJpmp+0CeOJ7XJ0/Fxg2fl935aJ1iouilLLzEpXq++/TRfkNUX8Y6YOlyfuheRCEu3Q==",
      "funding": [
        {
          "type": "github",
          "url": "https://github.com/sponsors/postspectacular"
        },
        {
          "type": "patreon",
          "url": "https://patreon.com/thing_umbrella"
        }
      ],
      "dependencies": {
        "@thi.ng/api": "^8.4.1",
        "@thi.ng/checks": "^3.2.4",
        "@thi.ng/defmulti": "^2.1.13",
        "@thi.ng/dgraph": "^2.1.18",
        "@thi.ng/errors": "^2.1.10",
        "@thi.ng/logger": "^1.2.1"
      },
      "engines": {
        "node": ">=12.7"
      }
    },
    "node_modules/@thi.ng/shader-ast-glsl": {
      "version": "0.4.19",
      "resolved": "https://registry.npmjs.org/@thi.ng/shader-ast-glsl/-/shader-ast-glsl-0.4.19.tgz",
      "integrity": "sha512-PsvegdBBzJZecLiJ9fZXmMNnJBgEXjQrwqKruvQ4e54YWr9QpuVimJNgh/sYdw+VGqLwEE1wxjeImvKZ58Vxbw==",
      "funding": [
        {
          "type": "github",
          "url": "https://github.com/sponsors/postspectacular"
        },
        {
          "type": "patreon",
          "url": "https://patreon.com/thing_umbrella"
        }
      ],
      "dependencies": {
        "@thi.ng/api": "^8.4.1",
        "@thi.ng/checks": "^3.2.4",
        "@thi.ng/errors": "^2.1.10",
        "@thi.ng/shader-ast": "^0.12.19"
      },
      "engines": {
        "node": ">=12.7"
      }
    },
    "node_modules/@thi.ng/shader-ast-stdlib": {
      "version": "0.12.12",
      "resolved": "https://registry.npmjs.org/@thi.ng/shader-ast-stdlib/-/shader-ast-stdlib-0.12.12.tgz",
      "integrity": "sha512-+SKBJ5u7asMrW0nsXT6YQAIPSUu80mb4PRhgvWe99Jze5ETkgQx02V6XcWBizr6vvKdpuc4J5lc5l+4j1rYUZQ==",
      "funding": [
        {
          "type": "github",
          "url": "https://github.com/sponsors/postspectacular"
        },
        {
          "type": "patreon",
          "url": "https://patreon.com/thing_umbrella"
        }
      ],
      "dependencies": {
        "@thi.ng/api": "^8.4.1",
        "@thi.ng/shader-ast": "^0.12.19"
      },
      "engines": {
        "node": ">=12.7"
      }
    },
    "node_modules/@thi.ng/strings": {
      "version": "3.3.11",
      "resolved": "https://registry.npmjs.org/@thi.ng/strings/-/strings-3.3.11.tgz",
      "integrity": "sha512-QToqQT68s41VtRvYtC29WuCcZdR2ncjl9B0mrLSDyv3GQ9TqaXpXLqQhwOGLZfOa4Zknm+KptbMIuTwduFrbdA==",
      "funding": [
        {
          "type": "github",
          "url": "https://github.com/sponsors/postspectacular"
        },
        {
          "type": "patreon",
          "url": "https://patreon.com/thing_umbrella"
        }
      ],
      "dependencies": {
        "@thi.ng/api": "^8.4.1",
        "@thi.ng/errors": "^2.1.10",
        "@thi.ng/hex": "^2.1.9",
        "@thi.ng/memoize": "^3.1.11"
      },
      "engines": {
        "node": ">=12.7"
      }
    },
    "node_modules/@thi.ng/transducers": {
      "version": "8.3.13",
      "resolved": "https://registry.npmjs.org/@thi.ng/transducers/-/transducers-8.3.13.tgz",
      "integrity": "sha512-5P3CpA5HCeLe2SHuMZgxbBn0kh3U3bJjjeNHRRfFWhQwwUYu5Jw+u0GZrBldR6DZ0hkmUc6oldq+30GYuEmRPg==",
      "funding": [
        {
          "type": "github",
          "url": "https://github.com/sponsors/postspectacular"
        },
        {
          "type": "patreon",
          "url": "https://patreon.com/thing_umbrella"
        }
      ],
      "dependencies": {
        "@thi.ng/api": "^8.4.1",
        "@thi.ng/arrays": "^2.3.5",
        "@thi.ng/checks": "^3.2.4",
        "@thi.ng/compare": "^2.1.11",
        "@thi.ng/compose": "^2.1.12",
        "@thi.ng/errors": "^2.1.10",
        "@thi.ng/math": "^5.3.7",
        "@thi.ng/random": "^3.3.7"
      },
      "engines": {
        "node": ">=12.7"
      }
    },
    "node_modules/@thi.ng/vector-pools": {
      "version": "3.1.23",
      "resolved": "https://registry.npmjs.org/@thi.ng/vector-pools/-/vector-pools-3.1.23.tgz",
      "integrity": "sha512-p7FjFXcKeFhI8srxTYBYU0G5xM5A90w+2/VDqVVP/8D5JiReJt/aAJyjncWFO5CNPJjJj7RbEbjTds6zg/9a1w==",
      "funding": [
        {
          "type": "github",
          "url": "https://github.com/sponsors/postspectacular"
        },
        {
          "type": "patreon",
          "url": "https://patreon.com/thing_umbrella"
        }
      ],
      "dependencies": {
        "@thi.ng/api": "^8.4.1",
        "@thi.ng/binary": "^3.3.4",
        "@thi.ng/checks": "^3.2.4",
        "@thi.ng/errors": "^2.1.10",
        "@thi.ng/logger": "^1.2.1",
        "@thi.ng/malloc": "^6.1.14",
        "@thi.ng/transducers": "^8.3.13",
        "@thi.ng/vectors": "^7.5.14"
      },
      "engines": {
        "node": ">=12.7"
      }
    },
    "node_modules/@thi.ng/vectors": {
      "version": "7.5.14",
      "resolved": "https://registry.npmjs.org/@thi.ng/vectors/-/vectors-7.5.14.tgz",
      "integrity": "sha512-pCMmEckzu/BF9ImJWRcP+W6nP0go/ClMnfgwiiA+8+u2IaL/fykq5fpIPqGEqELkOzPHO0sK2lyP20I6DpLbEA==",
      "funding": [
        {
          "type": "github",
          "url": "https://github.com/sponsors/postspectacular"
        },
        {
          "type": "patreon",
          "url": "https://patreon.com/thing_umbrella"
        }
      ],
      "dependencies": {
        "@thi.ng/api": "^8.4.1",
        "@thi.ng/binary": "^3.3.4",
        "@thi.ng/checks": "^3.2.4",
        "@thi.ng/equiv": "^2.1.9",
        "@thi.ng/errors": "^2.1.10",
        "@thi.ng/math": "^5.3.7",
        "@thi.ng/memoize": "^3.1.11",
        "@thi.ng/random": "^3.3.7",
        "@thi.ng/strings": "^3.3.11",
        "@thi.ng/transducers": "^8.3.13"
      },
      "engines": {
        "node": ">=12.7"
      }
    },
    "node_modules/@thi.ng/webgl": {
      "version": "6.2.3",
      "resolved": "https://registry.npmjs.org/@thi.ng/webgl/-/webgl-6.2.3.tgz",
      "integrity": "sha512-KStvtst97GXysnBuDXrR0a9BTzeHaLEKksw6QRQW9HJxdOD+nJ1mSjjQS/dYwAIJ61XKieVJs/lCXkfG5fzoDA==",
      "funding": [
        {
          "type": "github",
          "url": "https://github.com/sponsors/postspectacular"
        },
        {
          "type": "patreon",
          "url": "https://patreon.com/thing_umbrella"
        }
      ],
      "dependencies": {
        "@thi.ng/adapt-dpi": "^2.1.9",
        "@thi.ng/api": "^8.4.1",
        "@thi.ng/associative": "^6.2.6",
        "@thi.ng/checks": "^3.2.4",
        "@thi.ng/equiv": "^2.1.9",
        "@thi.ng/errors": "^2.1.10",
        "@thi.ng/logger": "^1.2.1",
        "@thi.ng/matrices": "^2.1.23",
        "@thi.ng/memoize": "^3.1.11",
        "@thi.ng/pixel": "^3.4.13",
        "@thi.ng/shader-ast": "^0.12.19",
        "@thi.ng/shader-ast-glsl": "^0.4.19",
        "@thi.ng/shader-ast-stdlib": "^0.12.12",
        "@thi.ng/transducers": "^8.3.13",
        "@thi.ng/vector-pools": "^3.1.23",
        "@thi.ng/vectors": "^7.5.14"
      },
      "engines": {
        "node": ">=12.7"
      }
    },
    "node_modules/tslib": {
      "version": "2.4.0",
      "resolved": "https://registry.npmjs.org/tslib/-/tslib-2.4.0.tgz",
      "integrity": "sha512-d6xOpEDfsi2CZVlPQzGeux8XMwLT9hssAsaPYExaQMuYskwb+x1x7J371tWlbBdWHroy99KnVB6qIkUbs5X3UQ=="
    }
  },
  "dependencies": {
    "@thi.ng/adapt-dpi": {
      "version": "2.1.9",
      "resolved": "https://registry.npmjs.org/@thi.ng/adapt-dpi/-/adapt-dpi-2.1.9.tgz",
      "integrity": "sha512-R2jGdJBVNCsXk/Y0VebZjaOdL57NNMxzm6A/taGY7gHfzktpbKMwpwjjWEKkg7OcGwL520iMNfp6u3eWsDMG1Q=="
    },
    "@thi.ng/api": {
      "version": "8.4.1",
      "resolved": "https://registry.npmjs.org/@thi.ng/api/-/api-8.4.1.tgz",
      "integrity": "sha512-bXrnJ6anzgQMm+SgOy+oDL+SwKEuzkXcI5EUUMiqRcrdqABb0K+sBJvipskEJdewPLpWcoT+7YYMSEimDGIbyQ=="
    },
    "@thi.ng/arrays": {
      "version": "2.3.5",
      "resolved": "https://registry.npmjs.org/@thi.ng/arrays/-/arrays-2.3.5.tgz",
      "integrity": "sha512-AVGBGzj1ezUoKxLdnyKK9wGtF6X4KIIYQIlPZfKH4kx87dp+4hDjJO6RsDmrWfE8PQYfD8kwv4CYID3/aFuMxg==",
      "requires": {
        "@thi.ng/api": "^8.4.1",
        "@thi.ng/checks": "^3.2.4",
        "@thi.ng/compare": "^2.1.11",
        "@thi.ng/equiv": "^2.1.9",
        "@thi.ng/errors": "^2.1.10",
        "@thi.ng/random": "^3.3.7"
      }
    },
    "@thi.ng/associative": {
      "version": "6.2.6",
      "resolved": "https://registry.npmjs.org/@thi.ng/associative/-/associative-6.2.6.tgz",
      "integrity": "sha512-YloUgz3qv6OnyILita5ktQGs/XDS7yy7LOjLiCyZSG0/d/sUd9IHv/iBBEp0/1eQN3iGau5BRiIR2C0Rve52og==",
      "requires": {
        "@thi.ng/api": "^8.4.1",
        "@thi.ng/arrays": "^2.3.5",
        "@thi.ng/binary": "^3.3.4",
        "@thi.ng/checks": "^3.2.4",
        "@thi.ng/compare": "^2.1.11",
        "@thi.ng/dcons": "^3.2.13",
        "@thi.ng/equiv": "^2.1.9",
        "@thi.ng/errors": "^2.1.10",
        "@thi.ng/transducers": "^8.3.13",
        "tslib": "^2.4.0"
      }
    },
    "@thi.ng/binary": {
      "version": "3.3.4",
      "resolved": "https://registry.npmjs.org/@thi.ng/binary/-/binary-3.3.4.tgz",
      "integrity": "sha512-weUWekTFqhq/8yG0M3I0cn0YaPQY0m+czN9vBfMpksCnnyGJfKuEgRtBFY0HjFZMbpPtVajl+8LntU3MsXC+Dw==",
      "requires": {
        "@thi.ng/api": "^8.4.1"
      }
    },
    "@thi.ng/checks": {
      "version": "3.2.4",
      "resolved": "https://registry.npmjs.org/@thi.ng/checks/-/checks-3.2.4.tgz",
      "integrity": "sha512-/inEUnM0OSfjgOqei9DkNTCT9G4Gwk0kqb+/uEyYnBHXD+fAEsYLKulHx7XcvVzbpAvMEyfWr4BJgLfXUspDRQ==",
      "requires": {
        "tslib": "^2.4.0"
      }
    },
    "@thi.ng/compare": {
      "version": "2.1.11",
      "resolved": "https://registry.npmjs.org/@thi.ng/compare/-/compare-2.1.11.tgz",
      "integrity": "sha512-/gXW9+FR0nsVTlrMJwowS7ilq1Y5BUhh0bL2ZYCcKhYH/e37FB2uJShPkuyUWTooH3Eux4kZlUxHzZ/M1aKAnw==",
      "requires": {
        "@thi.ng/api": "^8.4.1"
      }
    },
    "@thi.ng/compose": {
      "version": "2.1.12",
      "resolved": "https://registry.npmjs.org/@thi.ng/compose/-/compose-2.1.12.tgz",
      "integrity": "sha512-sxgELGQ8ZSr2fxE8zDNs0Aw9//eN5TteM0QJIzyqjc4rWsEXzQ3PGOaOLw5C9vweWvSDmQeEQFwvWjHdCzamKg==",
      "requires": {
        "@thi.ng/api": "^8.4.1",
        "@thi.ng/errors": "^2.1.10"
      }
    },
    "@thi.ng/dcons": {
      "version": "3.2.13",
      "resolved": "https://registry.npmjs.org/@thi.ng/dcons/-/dcons-3.2.13.tgz",
      "integrity": "sha512-As2JEH7xRR7+B2DXDOi/1HU33vhCXBojTE1/Vd8YYqoKiNq9PxD5+ocTaXF8vM8KK40mZ+JTtv+xCSCwdHeBKg==",
      "requires": {
        "@thi.ng/api": "^8.4.1",
        "@thi.ng/checks": "^3.2.4",
        "@thi.ng/compare": "^2.1.11",
        "@thi.ng/equiv": "^2.1.9",
        "@thi.ng/errors": "^2.1.10",
        "@thi.ng/random": "^3.3.7",
        "@thi.ng/transducers": "^8.3.13"
      }
    },
    "@thi.ng/defmulti": {
      "version": "2.1.13",
      "resolved": "https://registry.npmjs.org/@thi.ng/defmulti/-/defmulti-2.1.13.tgz",
      "integrity": "sha512-lKzdSwXTU3vHRI5wQLfLa2/LFtCQEJTyyqdiFShBHwX15AfGSv0FWMelR4KzEpNPkV6EeQNYUXS28pf/BXAPkA==",
      "requires": {
        "@thi.ng/api": "^8.4.1",
        "@thi.ng/errors": "^2.1.10",
        "@thi.ng/logger": "^1.2.1"
      }
    },
    "@thi.ng/dgraph": {
      "version": "2.1.18",
      "resolved": "https://registry.npmjs.org/@thi.ng/dgraph/-/dgraph-2.1.18.tgz",
      "integrity": "sha512-DFVJ71Vbnbr5e7+DZbvxroeEnlDPJSbPTznZRJA3JwM1GkEuDHK7MJci0JrEAiBz4U+1xCAVvuOmi3QfeLwtqw==",
      "requires": {
        "@thi.ng/api": "^8.4.1",
        "@thi.ng/associative": "^6.2.6",
        "@thi.ng/equiv": "^2.1.9",
        "@thi.ng/errors": "^2.1.10",
        "@thi.ng/transducers": "^8.3.13"
      }
    },
    "@thi.ng/distance": {
      "version": "2.1.22",
      "resolved": "https://registry.npmjs.org/@thi.ng/distance/-/distance-2.1.22.tgz",
      "integrity": "sha512-63cXaCsEzfZUdby0ydTwsYgHo5clXV6S5/PT1N9BctZ342tOSzMtCb8sIAgSlTU+m4bRbcpDc0hysFRGwk0FEg==",
      "requires": {
        "@thi.ng/api": "^8.4.1",
        "@thi.ng/checks": "^3.2.4",
        "@thi.ng/errors": "^2.1.10",
        "@thi.ng/heaps": "^2.1.11",
        "@thi.ng/math": "^5.3.7",
        "@thi.ng/vectors": "^7.5.14"
      }
    },
    "@thi.ng/equiv": {
      "version": "2.1.9",
      "resolved": "https://registry.npmjs.org/@thi.ng/equiv/-/equiv-2.1.9.tgz",
      "integrity": "sha512-8bVtrSWFGIt5tDKmnjF+oYr0744ahB3XqgBEZhStb7/XrWpMFtb52cx2r+aiOGcDf6YKGOh+6BlxrjWi7VTdCw=="
    },
    "@thi.ng/errors": {
      "version": "2.1.10",
      "resolved": "https://registry.npmjs.org/@thi.ng/errors/-/errors-2.1.10.tgz",
      "integrity": "sha512-QxostqMnJi+G/FyPCknBMsCCZQc3Pogy9ZLI4dguxeEYfxB/3KBXoDAccXmQC+Z4rYREdP1XMfAK8CLYGSlhlw=="
    },
    "@thi.ng/heaps": {
      "version": "2.1.11",
      "resolved": "https://registry.npmjs.org/@thi.ng/heaps/-/heaps-2.1.11.tgz",
      "integrity": "sha512-zYVdHERVSlcj2VfJAQBkqTfVb8dIjXfUsv3WKkaRE8rj6iOEilKGLOdhUgQEIaA3lzsXJNkDRMaruwLB9k+rCA==",
      "requires": {
        "@thi.ng/api": "^8.4.1",
        "@thi.ng/compare": "^2.1.11",
        "@thi.ng/equiv": "^2.1.9"
      }
    },
    "@thi.ng/hex": {
      "version": "2.1.9",
      "resolved": "https://registry.npmjs.org/@thi.ng/hex/-/hex-2.1.9.tgz",
      "integrity": "sha512-PT6T4ffFrMtevwJStdXmejAMlJ3odCkrGUXjUFfN8p8IHBoFQk/OaEqL5r36UxDimt/j4AVjo/loLDI0HX+V7Q=="
    },
    "@thi.ng/k-means": {
      "version": "0.5.22",
      "resolved": "https://registry.npmjs.org/@thi.ng/k-means/-/k-means-0.5.22.tgz",
      "integrity": "sha512-UhV9tiqr4uI+PF1Mw8ea/h4QOVgcUfqCByAU5df/gUMfVwjCB3PpDDG7+tDICkHg0aNRl2Upj0fMzKHH1kbRTQ==",
      "requires": {
        "@thi.ng/api": "^8.4.1",
        "@thi.ng/distance": "^2.1.22",
        "@thi.ng/errors": "^2.1.10",
        "@thi.ng/random": "^3.3.7",
        "@thi.ng/vectors": "^7.5.14"
      }
    },
    "@thi.ng/logger": {
      "version": "1.2.1",
      "resolved": "https://registry.npmjs.org/@thi.ng/logger/-/logger-1.2.1.tgz",
      "integrity": "sha512-BX1BBPx9+qb4lSHsd7MLn9ISS0yvXPIKVFdKRPhw6m82kd5A2Bxr8dy7JFN2gpYGI0sp5ROzi3hb8zFKopTJXA=="
    },
    "@thi.ng/malloc": {
      "version": "6.1.14",
      "resolved": "https://registry.npmjs.org/@thi.ng/malloc/-/malloc-6.1.14.tgz",
      "integrity": "sha512-tR1knuj+Xo0+fGczgdkJwexsOyX5u17ik1v+5I9dwaUDl/4NUNl6kg2jq/cWzHu6Dy3R77RYThoIXi1hnSO2rg==",
      "requires": {
        "@thi.ng/api": "^8.4.1",
        "@thi.ng/binary": "^3.3.4",
        "@thi.ng/checks": "^3.2.4",
        "@thi.ng/errors": "^2.1.10"
      }
    },
    "@thi.ng/math": {
      "version": "5.3.7",
      "resolved": "https://registry.npmjs.org/@thi.ng/math/-/math-5.3.7.tgz",
      "integrity": "sha512-2r3q8K6J6neK9zvcGMyUAguIZjggBtQdpKolXMIQKdy6kP2E1jXAwrS51EtDa18yNVSTep7P7fza+LWErhrbWw==",
      "requires": {
        "@thi.ng/api": "^8.4.1"
      }
    },
    "@thi.ng/matrices": {
      "version": "2.1.23",
      "resolved": "https://registry.npmjs.org/@thi.ng/matrices/-/matrices-2.1.23.tgz",
      "integrity": "sha512-REjeNAIh3hyAatMtb0I+x9edvhUI8yal7rAo3j9Ktb9JY1PjJIxt5YJIksEfKXzhwjMSs39H90n5at2JhN3btw==",
      "requires": {
        "@thi.ng/api": "^8.4.1",
        "@thi.ng/checks": "^3.2.4",
        "@thi.ng/math": "^5.3.7",
        "@thi.ng/vectors": "^7.5.14"
      }
    },
    "@thi.ng/memoize": {
      "version": "3.1.11",
      "resolved": "https://registry.npmjs.org/@thi.ng/memoize/-/memoize-3.1.11.tgz",
      "integrity": "sha512-N0/d0BpGKUsRpNi6jEjA2hXxvj/75lyPwhVzTisvIZbC6ol6xS9bZPp1AJBoB/4fjPfvt9vU33Qv8Dliq2SIOg==",
      "requires": {
        "@thi.ng/api": "^8.4.1"
      }
    },
    "@thi.ng/pixel": {
      "version": "3.4.13",
      "resolved": "https://registry.npmjs.org/@thi.ng/pixel/-/pixel-3.4.13.tgz",
      "integrity": "sha512-I2Lyh6mGkEy5Hwl5/xtocWMCiN0nlUlCSF+hb0X9AHtYDwg9IIo4C1a85hSWsXhd+m9nuCtLJr/wQvJJrupRZA==",
      "requires": {
        "@thi.ng/api": "^8.4.1",
        "@thi.ng/binary": "^3.3.4",
        "@thi.ng/checks": "^3.2.4",
        "@thi.ng/distance": "^2.1.22",
        "@thi.ng/errors": "^2.1.10",
        "@thi.ng/k-means": "^0.5.22",
        "@thi.ng/math": "^5.3.7",
        "@thi.ng/porter-duff": "^2.1.11"
      }
    },
    "@thi.ng/porter-duff": {
      "version": "2.1.11",
      "resolved": "https://registry.npmjs.org/@thi.ng/porter-duff/-/porter-duff-2.1.11.tgz",
      "integrity": "sha512-ZvNaMya6/u0PGKG54MoH3s9RIzpcZcN3kKmC/pWAv7EAWg0MNiS+OUD8llswQzN9AQyuMZrcA9EA8FG1plaZ1w==",
      "requires": {
        "@thi.ng/api": "^8.4.1",
        "@thi.ng/math": "^5.3.7"
      }
    },
    "@thi.ng/random": {
      "version": "3.3.7",
      "resolved": "https://registry.npmjs.org/@thi.ng/random/-/random-3.3.7.tgz",
      "integrity": "sha512-gJWb7sYEmMceLuM10WRSWOFsG05FC3Ky2b59Ba57eWumYkmOluFoYfHz5g0SNg3dciEMOEhl5X4686Apk18VIg==",
      "requires": {
        "@thi.ng/api": "^8.4.1",
        "@thi.ng/checks": "^3.2.4",
        "@thi.ng/errors": "^2.1.10",
        "@thi.ng/hex": "^2.1.9"
      }
    },
    "@thi.ng/shader-ast": {
      "version": "0.12.19",
      "resolved": "https://registry.npmjs.org/@thi.ng/shader-ast/-/shader-ast-0.12.19.tgz",
      "integrity": "sha512-em+lXOooijkpaLdn5AlnJpmp+0CeOJ7XJ0/Fxg2fl935aJ1iouilLLzEpXq++/TRfkNUX8Y6YOlyfuheRCEu3Q==",
      "requires": {
        "@thi.ng/api": "^8.4.1",
        "@thi.ng/checks": "^3.2.4",
        "@thi.ng/defmulti": "^2.1.13",
        "@thi.ng/dgraph": "^2.1.18",
        "@thi.ng/errors": "^2.1.10",
        "@thi.ng/logger": "^1.2.1"
      }
    },
    "@thi.ng/shader-ast-glsl": {
      "version": "0.4.19",
      "resolved": "https://registry.npmjs.org/@thi.ng/shader-ast-glsl/-/shader-ast-glsl-0.4.19.tgz",
      "integrity": "sha512-PsvegdBBzJZecLiJ9fZXmMNnJBgEXjQrwqKruvQ4e54YWr9QpuVimJNgh/sYdw+VGqLwEE1wxjeImvKZ58Vxbw==",
      "requires": {
        "@thi.ng/api": "^8.4.1",
        "@thi.ng/checks": "^3.2.4",
        "@thi.ng/errors": "^2.1.10",
        "@thi.ng/shader-ast": "^0.12.19"
      }
    },
    "@thi.ng/shader-ast-stdlib": {
      "version": "0.12.12",
      "resolved": "https://registry.npmjs.org/@thi.ng/shader-ast-stdlib/-/shader-ast-stdlib-0.12.12.tgz",
      "integrity": "sha512-+SKBJ5u7asMrW0nsXT6YQAIPSUu80mb4PRhgvWe99Jze5ETkgQx02V6XcWBizr6vvKdpuc4J5lc5l+4j1rYUZQ==",
      "requires": {
        "@thi.ng/api": "^8.4.1",
        "@thi.ng/shader-ast": "^0.12.19"
      }
    },
    "@thi.ng/strings": {
      "version": "3.3.11",
      "resolved": "https://registry.npmjs.org/@thi.ng/strings/-/strings-3.3.11.tgz",
      "integrity": "sha512-QToqQT68s41VtRvYtC29WuCcZdR2ncjl9B0mrLSDyv3GQ9TqaXpXLqQhwOGLZfOa4Zknm+KptbMIuTwduFrbdA==",
      "requires": {
        "@thi.ng/api": "^8.4.1",
        "@thi.ng/errors": "^2.1.10",
        "@thi.ng/hex": "^2.1.9",
        "@thi.ng/memoize": "^3.1.11"
      }
    },
    "@thi.ng/transducers": {
      "version": "8.3.13",
      "resolved": "https://registry.npmjs.org/@thi.ng/transducers/-/transducers-8.3.13.tgz",
      "integrity": "sha512-5P3CpA5HCeLe2SHuMZgxbBn0kh3U3bJjjeNHRRfFWhQwwUYu5Jw+u0GZrBldR6DZ0hkmUc6oldq+30GYuEmRPg==",
      "requires": {
        "@thi.ng/api": "^8.4.1",
        "@thi.ng/arrays": "^2.3.5",
        "@thi.ng/checks": "^3.2.4",
        "@thi.ng/compare": "^2.1.11",
        "@thi.ng/compose": "^2.1.12",
        "@thi.ng/errors": "^2.1.10",
        "@thi.ng/math": "^5.3.7",
        "@thi.ng/random": "^3.3.7"
      }
    },
    "@thi.ng/vector-pools": {
      "version": "3.1.23",
      "resolved": "https://registry.npmjs.org/@thi.ng/vector-pools/-/vector-pools-3.1.23.tgz",
      "integrity": "sha512-p7FjFXcKeFhI8srxTYBYU0G5xM5A90w+2/VDqVVP/8D5JiReJt/aAJyjncWFO5CNPJjJj7RbEbjTds6zg/9a1w==",
      "requires": {
        "@thi.ng/api": "^8.4.1",
        "@thi.ng/binary": "^3.3.4",
        "@thi.ng/checks": "^3.2.4",
        "@thi.ng/errors": "^2.1.10",
        "@thi.ng/logger": "^1.2.1",
        "@thi.ng/malloc": "^6.1.14",
        "@thi.ng/transducers": "^8.3.13",
        "@thi.ng/vectors": "^7.5.14"
      }
    },
    "@thi.ng/vectors": {
      "version": "7.5.14",
      "resolved": "https://registry.npmjs.org/@thi.ng/vectors/-/vectors-7.5.14.tgz",
      "integrity": "sha512-pCMmEckzu/BF9ImJWRcP+W6nP0go/ClMnfgwiiA+8+u2IaL/fykq5fpIPqGEqELkOzPHO0sK2lyP20I6DpLbEA==",
      "requires": {
        "@thi.ng/api": "^8.4.1",
        "@thi.ng/binary": "^3.3.4",
        "@thi.ng/checks": "^3.2.4",
        "@thi.ng/equiv": "^2.1.9",
        "@thi.ng/errors": "^2.1.10",
        "@thi.ng/math": "^5.3.7",
        "@thi.ng/memoize": "^3.1.11",
        "@thi.ng/random": "^3.3.7",
        "@thi.ng/strings": "^3.3.11",
        "@thi.ng/transducers": "^8.3.13"
      }
    },
    "@thi.ng/webgl": {
      "version": "6.2.3",
      "resolved": "https://registry.npmjs.org/@thi.ng/webgl/-/webgl-6.2.3.tgz",
      "integrity": "sha512-KStvtst97GXysnBuDXrR0a9BTzeHaLEKksw6QRQW9HJxdOD+nJ1mSjjQS/dYwAIJ61XKieVJs/lCXkfG5fzoDA==",
      "requires": {
        "@thi.ng/adapt-dpi": "^2.1.9",
        "@thi.ng/api": "^8.4.1",
        "@thi.ng/associative": "^6.2.6",
        "@thi.ng/checks": "^3.2.4",
        "@thi.ng/equiv": "^2.1.9",
        "@thi.ng/errors": "^2.1.10",
        "@thi.ng/logger": "^1.2.1",
        "@thi.ng/matrices": "^2.1.23",
        "@thi.ng/memoize": "^3.1.11",
        "@thi.ng/pixel": "^3.4.13",
        "@thi.ng/shader-ast": "^0.12.19",
        "@thi.ng/shader-ast-glsl": "^0.4.19",
        "@thi.ng/shader-ast-stdlib": "^0.12.12",
        "@thi.ng/transducers": "^8.3.13",
        "@thi.ng/vector-pools": "^3.1.23",
        "@thi.ng/vectors": "^7.5.14"
      }
    },
    "tslib": {
      "version": "2.4.0",
      "resolved": "https://registry.npmjs.org/tslib/-/tslib-2.4.0.tgz",
      "integrity": "sha512-d6xOpEDfsi2CZVlPQzGeux8XMwLT9hssAsaPYExaQMuYskwb+x1x7J371tWlbBdWHroy99KnVB6qIkUbs5X3UQ=="
    }
  }
}
